{
  "name": "@nodesecure/estree-ast-utils",
  "version": "1.4.1",
  "lockfileVersion": 3,
  "requires": true,
  "packages": {
    "": {
      "name": "@nodesecure/estree-ast-utils",
      "version": "1.4.1",
      "license": "MIT",
      "dependencies": {
        "@nodesecure/sec-literal": "^1.1.0"
      },
      "devDependencies": {
        "estree-walker": "^3.0.2"
      }
    },
    "node_modules/@nodesecure/sec-literal": {
      "version": "1.2.0",
      "resolved": "https://registry.npmjs.org/@nodesecure/sec-literal/-/sec-literal-1.2.0.tgz",
      "integrity": "sha512-LGgJmBtnIVHwjZ1QA62YyDvPysdYvGcGn6/JADjY23snTNZS+D9JrkxnChggoNDYj3/GtjutbY/cSlLXEcUJRw==",
      "dependencies": {
        "frequency-set": "^1.0.2",
        "is-base64": "^1.1.0",
        "is-svg": "^4.3.2",
        "string-width": "^5.1.2"
      }
    },
    "node_modules/@types/estree": {
      "version": "1.0.5",
      "resolved": "https://registry.npmjs.org/@types/estree/-/estree-1.0.5.tgz",
      "integrity": "sha512-/kYRxGDLWzHOB7q+wtSUQlFrtcdUccpfy+X+9iMBpHK8QLLhx2wIPYuS5DYtR9Wa/YlZAbIovy7qVdB1Aq6Lyw==",
      "dev": true
    },
    "node_modules/ansi-regex": {
      "version": "6.0.1",
      "resolved": "https://registry.npmjs.org/ansi-regex/-/ansi-regex-6.0.1.tgz",
      "integrity": "sha512-n5M855fKb2SsfMIiFFoVrABHJC8QtHwVx+mHWP3QcEqBHYienj5dHSgjbxtC0WEZXYt4wcD6zrQElDPhFuZgfA==",
      "engines": {
        "node": ">=12"
      },
      "funding": {
        "url": "https://github.com/chalk/ansi-regex?sponsor=1"
      }
    },
    "node_modules/eastasianwidth": {
      "version": "0.2.0",
      "resolved": "https://registry.npmjs.org/eastasianwidth/-/eastasianwidth-0.2.0.tgz",
      "integrity": "sha512-I88TYZWc9XiYHRQ4/3c5rjjfgkjhLyW2luGIheGERbNQ6OY7yTybanSpDXZa8y7VUP9YmDcYa+eyq4ca7iLqWA=="
    },
    "node_modules/emoji-regex": {
      "version": "9.2.2",
      "resolved": "https://registry.npmjs.org/emoji-regex/-/emoji-regex-9.2.2.tgz",
      "integrity": "sha512-L18DaJsXSUk2+42pv8mLs5jJT2hqFkFE4j21wOmgbUqsZ2hL72NsUU785g9RXgo3s0ZNgVl42TiHp3ZtOv/Vyg=="
    },
    "node_modules/estree-walker": {
      "version": "3.0.3",
      "resolved": "https://registry.npmjs.org/estree-walker/-/estree-walker-3.0.3.tgz",
      "integrity": "sha512-7RUKfXgSMMkzt6ZuXmqapOurLGPPfgj6l9uRZ7lRGolvk0y2yocc35LdcxKC5PQZdn2DMqioAQ2NoWcrTKmm6g==",
      "dev": true,
      "dependencies": {
        "@types/estree": "^1.0.0"
      }
    },
    "node_modules/fast-xml-parser": {
      "version": "4.3.3",
      "resolved": "https://registry.npmjs.org/fast-xml-parser/-/fast-xml-parser-4.3.3.tgz",
      "integrity": "sha512-coV/D1MhrShMvU6D0I+VAK3umz6hUaxxhL0yp/9RjfiYUfAv14rDhGQL+PLForhMdr0wq3PiV07WtkkNjJjNHg==",
      "funding": [
        {
          "type": "github",
          "url": "https://github.com/sponsors/NaturalIntelligence"
        },
        {
          "type": "paypal",
          "url": "https://paypal.me/naturalintelligence"
        }
      ],
      "dependencies": {
        "strnum": "^1.0.5"
      },
      "bin": {
        "fxparser": "src/cli/cli.js"
      }
    },
    "node_modules/frequency-set": {
      "version": "1.0.2",
      "resolved": "https://registry.npmjs.org/frequency-set/-/frequency-set-1.0.2.tgz",
      "integrity": "sha512-Qip6vS0fY/et08sZXumws05weoYvj2ZLkBq3xIwFDFLg8v5IMQiRa+P30tXL0CU6DiYUPLuN3HyRcwW6yWPdeA=="
    },
    "node_modules/is-base64": {
      "version": "1.1.0",
      "resolved": "https://registry.npmjs.org/is-base64/-/is-base64-1.1.0.tgz",
      "integrity": "sha512-Nlhg7Z2dVC4/PTvIFkgVVNvPHSO2eR/Yd0XzhGiXCXEvWnptXlXa/clQ8aePPiMuxEGcWfzWbGw2Fe3d+Y3v1g==",
      "bin": {
        "is_base64": "bin/is-base64",
        "is-base64": "bin/is-base64"
      }
    },
    "node_modules/is-svg": {
      "version": "4.4.0",
      "resolved": "https://registry.npmjs.org/is-svg/-/is-svg-4.4.0.tgz",
      "integrity": "sha512-v+AgVwiK5DsGtT9ng+m4mClp6zDAmwrW8nZi6Gg15qzvBnRWWdfWA1TGaXyCDnWq5g5asofIgMVl3PjKxvk1ug==",
      "dependencies": {
        "fast-xml-parser": "^4.1.3"
      },
      "engines": {
        "node": ">=6"
      },
      "funding": {
        "url": "https://github.com/sponsors/sindresorhus"
      }
    },
    "node_modules/string-width": {
      "version": "5.1.2",
      "resolved": "https://registry.npmjs.org/string-width/-/string-width-5.1.2.tgz",
      "integrity": "sha512-HnLOCR3vjcY8beoNLtcjZ5/nxn2afmME6lhrDrebokqMap+XbeW8n9TXpPDOqdGK5qcI3oT0GKTW6wC7EMiVqA==",
      "dependencies": {
        "eastasianwidth": "^0.2.0",
        "emoji-regex": "^9.2.2",
        "strip-ansi": "^7.0.1"
      },
      "engines": {
        "node": ">=12"
      },
      "funding": {
        "url": "https://github.com/sponsors/sindresorhus"
      }
    },
    "node_modules/strip-ansi": {
      "version": "7.1.0",
      "resolved": "https://registry.npmjs.org/strip-ansi/-/strip-ansi-7.1.0.tgz",
      "integrity": "sha512-iq6eVVI64nQQTRYq2KtEg2d2uU7LElhTJwsH4YzIHZshxlgZms/wIc4VoDQTlG/IvVIrBKG06CrZnp0qv7hkcQ==",
      "dependencies": {
        "ansi-regex": "^6.0.1"
      },
      "engines": {
        "node": ">=12"
      },
      "funding": {
        "url": "https://github.com/chalk/strip-ansi?sponsor=1"
      }
    },
    "node_modules/strnum": {
      "version": "1.0.5",
      "resolved": "https://registry.npmjs.org/strnum/-/strnum-1.0.5.tgz",
      "integrity": "sha512-J8bbNyKKXl5qYcR36TIO8W3mVGVHrmmxsd5PAItGkmyzwJvybiw2IVq5nqd0i4LSNSkB/sx9VHllbfFdr9k1JA=="
    }
  }
}
