{
  "name": "@nodesecure/sec-literal",
  "version": "1.2.0",
  "lockfileVersion": 3,
  "requires": true,
  "packages": {
    "": {
      "name": "@nodesecure/sec-literal",
      "version": "1.2.0",
      "license": "MIT",
      "dependencies": {
        "frequency-set": "^1.0.2",
        "is-base64": "^1.1.0",
        "is-svg": "^5.0.0",
        "string-width": "^7.0.0"
      }
    },
    "node_modules/ansi-regex": {
      "version": "6.0.1",
      "license": "MIT",
      "engines": {
        "node": ">=12"
      },
      "funding": {
        "url": "https://github.com/chalk/ansi-regex?sponsor=1"
      }
    },
    "node_modules/emoji-regex": {
      "version": "10.3.0",
      "license": "MIT"
    },
    "node_modules/fast-xml-parser": {
      "version": "4.3.3",
      "resolved": "https://registry.npmjs.org/fast-xml-parser/-/fast-xml-parser-4.3.3.tgz",
      "integrity": "sha512-coV/D1MhrShMvU6D0I+VAK3umz6hUaxxhL0yp/9RjfiYUfAv14rDhGQL+PLForhMdr0wq3PiV07WtkkNjJjNHg==",
      "funding": [
        {
          "type": "github",
          "url": "https://github.com/sponsors/NaturalIntelligence"
        },
        {
          "type": "paypal",
          "url": "https://paypal.me/naturalintelligence"
        }
      ],
      "dependencies": {
        "strnum": "^1.0.5"
      },
      "bin": {
        "fxparser": "src/cli/cli.js"
      }
    },
    "node_modules/frequency-set": {
      "version": "1.0.2",
      "resolved": "https://registry.npmjs.org/frequency-set/-/frequency-set-1.0.2.tgz",
      "integrity": "sha512-Qip6vS0fY/et08sZXumws05weoYvj2ZLkBq3xIwFDFLg8v5IMQiRa+P30tXL0CU6DiYUPLuN3HyRcwW6yWPdeA=="
    },
    "node_modules/get-east-asian-width": {
      "version": "1.2.0",
      "resolved": "https://registry.npmjs.org/get-east-asian-width/-/get-east-asian-width-1.2.0.tgz",
      "integrity": "sha512-2nk+7SIVb14QrgXFHcm84tD4bKQz0RxPuMT8Ag5KPOq7J5fEmAg0UbXdTOSHqNuHSU28k55qnceesxXRZGzKWA==",
      "engines": {
        "node": ">=18"
      },
      "funding": {
        "url": "https://github.com/sponsors/sindresorhus"
      }
    },
    "node_modules/is-base64": {
      "version": "1.1.0",
      "resolved": "https://registry.npmjs.org/is-base64/-/is-base64-1.1.0.tgz",
      "integrity": "sha512-Nlhg7Z2dVC4/PTvIFkgVVNvPHSO2eR/Yd0XzhGiXCXEvWnptXlXa/clQ8aePPiMuxEGcWfzWbGw2Fe3d+Y3v1g==",
      "bin": {
        "is_base64": "bin/is-base64",
        "is-base64": "bin/is-base64"
      }
    },
    "node_modules/is-svg": {
      "version": "5.0.0",
      "resolved": "https://registry.npmjs.org/is-svg/-/is-svg-5.0.0.tgz",
      "integrity": "sha512-sRl7J0oX9yUNamSdc8cwgzh9KBLnQXNzGmW0RVHwg/jEYjGNYHC6UvnYD8+hAeut9WwxRvhG9biK7g/wDGxcMw==",
      "dependencies": {
        "fast-xml-parser": "^4.1.3"
      },
      "engines": {
        "node": ">=14.16"
      },
      "funding": {
        "url": "https://github.com/sponsors/sindresorhus"
      }
    },
    "node_modules/string-width": {
      "version": "7.0.0",
      "license": "MIT",
      "dependencies": {
        "emoji-regex": "^10.3.0",
        "get-east-asian-width": "^1.0.0",
        "strip-ansi": "^7.1.0"
      },
      "engines": {
        "node": ">=18"
      },
      "funding": {
        "url": "https://github.com/sponsors/sindresorhus"
      }
    },
    "node_modules/strip-ansi": {
      "version": "7.1.0",
      "license": "MIT",
      "dependencies": {
        "ansi-regex": "^6.0.1"
      },
      "engines": {
        "node": ">=12"
      },
      "funding": {
        "url": "https://github.com/chalk/strip-ansi?sponsor=1"
      }
    },
    "node_modules/strnum": {
      "version": "1.0.5",
      "resolved": "https://registry.npmjs.org/strnum/-/strnum-1.0.5.tgz",
      "integrity": "sha512-J8bbNyKKXl5qYcR36TIO8W3mVGVHrmmxsd5PAItGkmyzwJvybiw2IVq5nqd0i4LSNSkB/sx9VHllbfFdr9k1JA=="
    }
  }
}
